
Microsoft Visual Studio Solution File, Format Version 11.00
# Visual Studio 2010
Project("{FAE04EC0-301F-11D3-BF4B-00C04F79EFBC}") = "Ovning10", "Ovning10\Ovning10.csproj", "{AC978BC7-E525-4DC9-9596-63BD99C19FF4}"
EndProject
Project("{FAE04EC0-301F-11D3-BF4B-00C04F79EFBC}") = "Ovning10.Tests", "Ovning10.Tests\Ovning10.Tests.csproj", "{DF1584F2-D122-49C6-ACAF-9A0594B06616}"
EndProject
Global
	GlobalSection(SolutionConfigurationPlatforms) = preSolution
		Debug|Any CPU = Debug|Any CPU
		Debug|Mixed Platforms = Debug|Mixed Platforms
		Debug|x86 = Debug|x86
		Release|Any CPU = Release|Any CPU
		Release|Mixed Platforms = Release|Mixed Platforms
		Release|x86 = Release|x86
	EndGlobalSection
	GlobalSection(ProjectConfigurationPlatforms) = postSolution
		{AC978BC7-E525-4DC9-9596-63BD99C19FF4}.Debug|Any CPU.ActiveCfg = Debug|x86
		{AC978BC7-E525-4DC9-9596-63BD99C19FF4}.Debug|Mixed Platforms.ActiveCfg = Debug|x86
		{AC978BC7-E525-4DC9-9596-63BD99C19FF4}.Debug|Mixed Platforms.Build.0 = Debug|x86
		{AC978BC7-E525-4DC9-9596-63BD99C19FF4}.Debug|x86.ActiveCfg = Debug|x86
		{AC978BC7-E525-4DC9-9596-63BD99C19FF4}.Debug|x86.Build.0 = Debug|x86
		{AC978BC7-E525-4DC9-9596-63BD99C19FF4}.Release|Any CPU.ActiveCfg = Release|x86
		{AC978BC7-E525-4DC9-9596-63BD99C19FF4}.Release|Mixed Platforms.ActiveCfg = Release|x86
		{AC978BC7-E525-4DC9-9596-63BD99C19FF4}.Release|Mixed Platforms.Build.0 = Release|x86
		{AC978BC7-E525-4DC9-9596-63BD99C19FF4}.Release|x86.ActiveCfg = Release|x86
		{AC978BC7-E525-4DC9-9596-63BD99C19FF4}.Release|x86.Build.0 = Release|x86
		{DF1584F2-D122-49C6-ACAF-9A0594B06616}.Debug|Any CPU.ActiveCfg = Debug|Any CPU
		{DF1584F2-D122-49C6-ACAF-9A0594B06616}.Debug|Any CPU.Build.0 = Debug|Any CPU
		{DF1584F2-D122-49C6-ACAF-9A0594B06616}.Debug|Mixed Platforms.ActiveCfg = Debug|Any CPU
		{DF1584F2-D122-49C6-ACAF-9A0594B06616}.Debug|Mixed Platforms.Build.0 = Debug|Any CPU
		{DF1584F2-D122-49C6-ACAF-9A0594B06616}.Debug|x86.ActiveCfg = Debug|Any CPU
		{DF1584F2-D122-49C6-ACAF-9A0594B06616}.Release|Any CPU.ActiveCfg = Release|Any CPU
		{DF1584F2-D122-49C6-ACAF-9A0594B06616}.Release|Any CPU.Build.0 = Release|Any CPU
		{DF1584F2-D122-49C6-ACAF-9A0594B06616}.Release|Mixed Platforms.ActiveCfg = Release|Any CPU
		{DF1584F2-D122-49C6-ACAF-9A0594B06616}.Release|Mixed Platforms.Build.0 = Release|Any CPU
		{DF1584F2-D122-49C6-ACAF-9A0594B06616}.Release|x86.ActiveCfg = Release|Any CPU
	EndGlobalSection
	GlobalSection(SolutionProperties) = preSolution
		HideSolutionNode = FALSE
	EndGlobalSection
EndGlobal
